
Microsoft Visual Studio Solution File, Format Version 12.00
# Visual Studio 15
VisualStudioVersion = 15.0.27130.2024
MinimumVisualStudioVersion = 10.0.40219.1
Project("{FAE04EC0-301F-11D3-BF4B-00C04F79EFBC}") = "ChangeEncoding", "ChangeEncoding\ChangeEncoding.csproj", "{2723AF78-E2C5-40A4-9EE2-2289B9A38374}"
EndProject
Global
	GlobalSection(SolutionConfigurationPlatforms) = preSolution
		Debug|Any CPU = Debug|Any CPU
		Release|Any CPU = Release|Any CPU
	EndGlobalSection
	GlobalSection(ProjectConfigurationPlatforms) = postSolution
		{2723AF78-E2C5-40A4-9EE2-2289B9A38374}.Debug|Any CPU.ActiveCfg = Debug|Any CPU
		{2723AF78-E2C5-40A4-9EE2-2289B9A38374}.Debug|Any CPU.Build.0 = Debug|Any CPU
		{2723AF78-E2C5-40A4-9EE2-2289B9A38374}.Release|Any CPU.ActiveCfg = Release|Any CPU
		{2723AF78-E2C5-40A4-9EE2-2289B9A38374}.Release|Any CPU.Build.0 = Release|Any CPU
	EndGlobalSection
	GlobalSection(SolutionProperties) = preSolution
		HideSolutionNode = FALSE
	EndGlobalSection
	GlobalSection(ExtensibilityGlobals) = postSolution
		SolutionGuid = {4F3C1BAF-955C-457A-96EB-EC3EFD59A010}
	EndGlobalSection
EndGlobal
